
Microsoft Visual Studio Solution File, Format Version 11.00
# Visual Studio 2010
Project("{FAE04EC0-301F-11D3-BF4B-00C04F79EFBC}") = "HelloWorld", "HelloWorld\HelloWorld.csproj", "{05F8F04D-F49C-4DEF-905E-4DDF0E6B8BF2}"
EndProject
Global
	GlobalSection(SolutionConfigurationPlatforms) = preSolution
		Debug|Any CPU = Debug|Any CPU
		Release|Any CPU = Release|Any CPU
	EndGlobalSection
	GlobalSection(ProjectConfigurationPlatforms) = postSolution
		{05F8F04D-F49C-4DEF-905E-4DDF0E6B8BF2}.Debug|Any CPU.ActiveCfg = Debug|Any CPU
		{05F8F04D-F49C-4DEF-905E-4DDF0E6B8BF2}.Debug|Any CPU.Build.0 = Debug|Any CPU
		{05F8F04D-F49C-4DEF-905E-4DDF0E6B8BF2}.Release|Any CPU.ActiveCfg = Release|Any CPU
		{05F8F04D-F49C-4DEF-905E-4DDF0E6B8BF2}.Release|Any CPU.Build.0 = Release|Any CPU
	EndGlobalSection
	GlobalSection(SolutionProperties) = preSolution
		HideSolutionNode = FALSE
	EndGlobalSection
EndGlobal
